// !$*UTF8*$!
{
	archiveVersion = 1;
	classes = {
	};
	objectVersion = 46;
	objects = {

/* Begin PBXBuildFile section */
		184093511AC4346500C5AEB1 /* RSAudioPlayer.m in Sources */ = {isa = PBXBuildFile; fileRef = 184093501AC4346500C5AEB1 /* RSAudioPlayer.m */; };
		18D832461ACAE83C00FE0B67 /* RainParticle.sks in Resources */ = {isa = PBXBuildFile; fileRef = 18D832451ACAE83C00FE0B67 /* RainParticle.sks */; };
		18DCAF2B1ACAE9C10080EA92 /* RSSprite.m in Sources */ = {isa = PBXBuildFile; fileRef = 18DCAF2A1ACAE9C10080EA92 /* RSSprite.m */; };
		18DCAF2D1ACAEAFC0080EA92 /* background.png in Resources */ = {isa = PBXBuildFile; fileRef = 18DCAF2C1ACAEAFC0080EA92 /* background.png */; };
		4F704C5D1AC49CF300F2B40D /* RSButton.m in Sources */ = {isa = PBXBuildFile; fileRef = 4F704C581AC49CF300F2B40D /* RSButton.m */; };
		4F704C5F1AC49CF300F2B40D /* RSStepper.m in Sources */ = {isa = PBXBuildFile; fileRef = 4F704C5C1AC49CF300F2B40D /* RSStepper.m */; };
		4F704C621AC49D5E00F2B40D /* RSContainer.m in Sources */ = {isa = PBXBuildFile; fileRef = 4F704C611AC49D5E00F2B40D /* RSContainer.m */; };
		4F9502481AC1ABF700FC894A /* main.m in Sources */ = {isa = PBXBuildFile; fileRef = 4F9502471AC1ABF700FC894A /* main.m */; };
		4F95024B1AC1ABF700FC894A /* AppDelegate.m in Sources */ = {isa = PBXBuildFile; fileRef = 4F95024A1AC1ABF700FC894A /* AppDelegate.m */; };
		4F95024E1AC1ABF700FC894A /* GameScene.m in Sources */ = {isa = PBXBuildFile; fileRef = 4F95024D1AC1ABF700FC894A /* GameScene.m */; };
		4F9502501AC1ABF700FC894A /* GameScene.sks in Resources */ = {isa = PBXBuildFile; fileRef = 4F95024F1AC1ABF700FC894A /* GameScene.sks */; };
		4F9502531AC1ABF700FC894A /* GameViewController.m in Sources */ = {isa = PBXBuildFile; fileRef = 4F9502521AC1ABF700FC894A /* GameViewController.m */; };
		4F9502561AC1ABF700FC894A /* Main.storyboard in Resources */ = {isa = PBXBuildFile; fileRef = 4F9502541AC1ABF700FC894A /* Main.storyboard */; };
		4F9502581AC1ABF700FC894A /* Images.xcassets in Resources */ = {isa = PBXBuildFile; fileRef = 4F9502571AC1ABF700FC894A /* Images.xcassets */; };
		4F95025B1AC1ABF700FC894A /* LaunchScreen.xib in Resources */ = {isa = PBXBuildFile; fileRef = 4F9502591AC1ABF700FC894A /* LaunchScreen.xib */; };
		4F9502671AC1ABF700FC894A /* Rain_SocietyTests.m in Sources */ = {isa = PBXBuildFile; fileRef = 4F9502661AC1ABF700FC894A /* Rain_SocietyTests.m */; };
		6F28C5391AC9C672002BECEE /* RSMap.m in Sources */ = {isa = PBXBuildFile; fileRef = 6F28C5381AC9C672002BECEE /* RSMap.m */; };
		6F6270C01AC43D3E0069698E /* RSField.m in Sources */ = {isa = PBXBuildFile; fileRef = 6F6270BF1AC43D3E0069698E /* RSField.m */; };
/* End PBXBuildFile section */

/* Begin PBXContainerItemProxy section */
		4F9502611AC1ABF700FC894A /* PBXContainerItemProxy */ = {
			isa = PBXContainerItemProxy;
			containerPortal = 4F95023A1AC1ABF700FC894A /* Project object */;
			proxyType = 1;
			remoteGlobalIDString = 4F9502411AC1ABF700FC894A;
			remoteInfo = "Rain Society";
		};
/* End PBXContainerItemProxy section */

/* Begin PBXFileReference section */
		1840934F1AC4346500C5AEB1 /* RSAudioPlayer.h */ = {isa = PBXFileReference; fileEncoding = 4; lastKnownFileType = sourcecode.c.h; path = RSAudioPlayer.h; sourceTree = "<group>"; };
		184093501AC4346500C5AEB1 /* RSAudioPlayer.m */ = {isa = PBXFileReference; fileEncoding = 4; lastKnownFileType = sourcecode.c.objc; path = RSAudioPlayer.m; sourceTree = "<group>"; };
		184093521AC43B8E00C5AEB1 /* RSSound.h */ = {isa = PBXFileReference; fileEncoding = 4; lastKnownFileType = sourcecode.c.h; path = RSSound.h; sourceTree = "<group>"; };
		18D832441ACAE82900FE0B67 /* RSSprite.h */ = {isa = PBXFileReference; fileEncoding = 4; lastKnownFileType = sourcecode.c.h; path = RSSprite.h; sourceTree = "<group>"; };
		18D832451ACAE83C00FE0B67 /* RainParticle.sks */ = {isa = PBXFileReference; lastKnownFileType = file.sks; path = RainParticle.sks; sourceTree = "<group>"; };
		18DCAF2A1ACAE9C10080EA92 /* RSSprite.m */ = {isa = PBXFileReference; fileEncoding = 4; lastKnownFileType = sourcecode.c.objc; path = RSSprite.m; sourceTree = "<group>"; };
		18DCAF2C1ACAEAFC0080EA92 /* background.png */ = {isa = PBXFileReference; lastKnownFileType = image.png; path = background.png; sourceTree = "<group>"; };
		4F704C571AC49CF300F2B40D /* RSButton.h */ = {isa = PBXFileReference; fileEncoding = 4; lastKnownFileType = sourcecode.c.h; path = RSButton.h; sourceTree = "<group>"; };
		4F704C581AC49CF300F2B40D /* RSButton.m */ = {isa = PBXFileReference; fileEncoding = 4; lastKnownFileType = sourcecode.c.objc; path = RSButton.m; sourceTree = "<group>"; };
		4F704C5B1AC49CF300F2B40D /* RSStepper.h */ = {isa = PBXFileReference; fileEncoding = 4; lastKnownFileType = sourcecode.c.h; path = RSStepper.h; sourceTree = "<group>"; };
		4F704C5C1AC49CF300F2B40D /* RSStepper.m */ = {isa = PBXFileReference; fileEncoding = 4; lastKnownFileType = sourcecode.c.objc; path = RSStepper.m; sourceTree = "<group>"; };
		4F704C601AC49D5E00F2B40D /* RSContainer.h */ = {isa = PBXFileReference; fileEncoding = 4; lastKnownFileType = sourcecode.c.h; path = RSContainer.h; sourceTree = "<group>"; };
		4F704C611AC49D5E00F2B40D /* RSContainer.m */ = {isa = PBXFileReference; fileEncoding = 4; lastKnownFileType = sourcecode.c.objc; path = RSContainer.m; sourceTree = "<group>"; };
		4F9502421AC1ABF700FC894A /* Rain Society.app */ = {isa = PBXFileReference; explicitFileType = wrapper.application; includeInIndex = 0; path = "Rain Society.app"; sourceTree = BUILT_PRODUCTS_DIR; };
		4F9502461AC1ABF700FC894A /* Info.plist */ = {isa = PBXFileReference; lastKnownFileType = text.plist.xml; path = Info.plist; sourceTree = "<group>"; };
		4F9502471AC1ABF700FC894A /* main.m */ = {isa = PBXFileReference; lastKnownFileType = sourcecode.c.objc; path = main.m; sourceTree = "<group>"; };
		4F9502491AC1ABF700FC894A /* AppDelegate.h */ = {isa = PBXFileReference; lastKnownFileType = sourcecode.c.h; path = AppDelegate.h; sourceTree = "<group>"; };
		4F95024A1AC1ABF700FC894A /* AppDelegate.m */ = {isa = PBXFileReference; lastKnownFileType = sourcecode.c.objc; path = AppDelegate.m; sourceTree = "<group>"; };
		4F95024C1AC1ABF700FC894A /* GameScene.h */ = {isa = PBXFileReference; lastKnownFileType = sourcecode.c.h; path = GameScene.h; sourceTree = "<group>"; };
		4F95024D1AC1ABF700FC894A /* GameScene.m */ = {isa = PBXFileReference; lastKnownFileType = sourcecode.c.objc; path = GameScene.m; sourceTree = "<group>"; };
		4F95024F1AC1ABF700FC894A /* GameScene.sks */ = {isa = PBXFileReference; lastKnownFileType = file.sks; path = GameScene.sks; sourceTree = "<group>"; };
		4F9502511AC1ABF700FC894A /* GameViewController.h */ = {isa = PBXFileReference; lastKnownFileType = sourcecode.c.h; path = GameViewController.h; sourceTree = "<group>"; };
		4F9502521AC1ABF700FC894A /* GameViewController.m */ = {isa = PBXFileReference; lastKnownFileType = sourcecode.c.objc; path = GameViewController.m; sourceTree = "<group>"; };
		4F9502551AC1ABF700FC894A /* Base */ = {isa = PBXFileReference; lastKnownFileType = file.storyboard; name = Base; path = Base.lproj/Main.storyboard; sourceTree = "<group>"; };
		4F9502571AC1ABF700FC894A /* Images.xcassets */ = {isa = PBXFileReference; lastKnownFileType = folder.assetcatalog; path = Images.xcassets; sourceTree = "<group>"; };
		4F95025A1AC1ABF700FC894A /* Base */ = {isa = PBXFileReference; lastKnownFileType = file.xib; name = Base; path = Base.lproj/LaunchScreen.xib; sourceTree = "<group>"; };
		4F9502601AC1ABF700FC894A /* Rain SocietyTests.xctest */ = {isa = PBXFileReference; explicitFileType = wrapper.cfbundle; includeInIndex = 0; path = "Rain SocietyTests.xctest"; sourceTree = BUILT_PRODUCTS_DIR; };
		4F9502651AC1ABF700FC894A /* Info.plist */ = {isa = PBXFileReference; lastKnownFileType = text.plist.xml; path = Info.plist; sourceTree = "<group>"; };
		4F9502661AC1ABF700FC894A /* Rain_SocietyTests.m */ = {isa = PBXFileReference; lastKnownFileType = sourcecode.c.objc; path = Rain_SocietyTests.m; sourceTree = "<group>"; };
		6F28C5371AC9C672002BECEE /* RSMap.h */ = {isa = PBXFileReference; fileEncoding = 4; lastKnownFileType = sourcecode.c.h; path = RSMap.h; sourceTree = "<group>"; };
		6F28C5381AC9C672002BECEE /* RSMap.m */ = {isa = PBXFileReference; fileEncoding = 4; lastKnownFileType = sourcecode.c.objc; path = RSMap.m; sourceTree = "<group>"; };
		6F6270BE1AC43D3E0069698E /* RSField.h */ = {isa = PBXFileReference; fileEncoding = 4; lastKnownFileType = sourcecode.c.h; path = RSField.h; sourceTree = "<group>"; };
		6F6270BF1AC43D3E0069698E /* RSField.m */ = {isa = PBXFileReference; fileEncoding = 4; lastKnownFileType = sourcecode.c.objc; path = RSField.m; sourceTree = "<group>"; };
/* End PBXFileReference section */

/* Begin PBXFrameworksBuildPhase section */
		4F95023F1AC1ABF700FC894A /* Frameworks */ = {
			isa = PBXFrameworksBuildPhase;
			buildActionMask = 2147483647;
			files = (
			);
			runOnlyForDeploymentPostprocessing = 0;
		};
		4F95025D1AC1ABF700FC894A /* Frameworks */ = {
			isa = PBXFrameworksBuildPhase;
			buildActionMask = 2147483647;
			files = (
			);
			runOnlyForDeploymentPostprocessing = 0;
		};
/* End PBXFrameworksBuildPhase section */

/* Begin PBXGroup section */
		18A929ED1AC44C6100358842 /* Sons */ = {
			isa = PBXGroup;
			children = (
				1840934F1AC4346500C5AEB1 /* RSAudioPlayer.h */,
				184093501AC4346500C5AEB1 /* RSAudioPlayer.m */,
				184093521AC43B8E00C5AEB1 /* RSSound.h */,
			);
			name = Sons;
			sourceTree = "<group>";
		};
		4F704C631AC49D9800F2B40D /* Interface */ = {
			isa = PBXGroup;
			children = (
				18DCAF2A1ACAE9C10080EA92 /* RSSprite.m */,
				18D832441ACAE82900FE0B67 /* RSSprite.h */,
				4F704C601AC49D5E00F2B40D /* RSContainer.h */,
				4F704C611AC49D5E00F2B40D /* RSContainer.m */,
				4F704C571AC49CF300F2B40D /* RSButton.h */,
				4F704C581AC49CF300F2B40D /* RSButton.m */,
				4F704C5B1AC49CF300F2B40D /* RSStepper.h */,
				4F704C5C1AC49CF300F2B40D /* RSStepper.m */,
			);
			name = Interface;
			sourceTree = "<group>";
		};
		4F9502391AC1ABF700FC894A = {
			isa = PBXGroup;
			children = (
				4F9502441AC1ABF700FC894A /* Rain Society */,
				4F9502631AC1ABF700FC894A /* Rain SocietyTests */,
				4F9502431AC1ABF700FC894A /* Products */,
			);
			sourceTree = "<group>";
		};
		4F9502431AC1ABF700FC894A /* Products */ = {
			isa = PBXGroup;
			children = (
				4F9502421AC1ABF700FC894A /* Rain Society.app */,
				4F9502601AC1ABF700FC894A /* Rain SocietyTests.xctest */,
			);
			name = Products;
			sourceTree = "<group>";
		};
		4F9502441AC1ABF700FC894A /* Rain Society */ = {
			isa = PBXGroup;
			children = (
				6F28C5361AC9C639002BECEE /* Controle */,
				4F704C631AC49D9800F2B40D /* Interface */,
				18A929ED1AC44C6100358842 /* Sons */,
				4F9502491AC1ABF700FC894A /* AppDelegate.h */,
				4F95024A1AC1ABF700FC894A /* AppDelegate.m */,
				4F95024C1AC1ABF700FC894A /* GameScene.h */,
				4F95024D1AC1ABF700FC894A /* GameScene.m */,
				4F95024F1AC1ABF700FC894A /* GameScene.sks */,
				4F9502511AC1ABF700FC894A /* GameViewController.h */,
				4F9502521AC1ABF700FC894A /* GameViewController.m */,
				4F9502541AC1ABF700FC894A /* Main.storyboard */,
				4F9502571AC1ABF700FC894A /* Images.xcassets */,
				18DCAF2C1ACAEAFC0080EA92 /* background.png */,
				4F9502591AC1ABF700FC894A /* LaunchScreen.xib */,
				4F9502451AC1ABF700FC894A /* Supporting Files */,
			);
			path = "Rain Society";
			sourceTree = "<group>";
		};
		4F9502451AC1ABF700FC894A /* Supporting Files */ = {
			isa = PBXGroup;
			children = (
				18D832451ACAE83C00FE0B67 /* RainParticle.sks */,
				4F9502461AC1ABF700FC894A /* Info.plist */,
				4F9502471AC1ABF700FC894A /* main.m */,
			);
			name = "Supporting Files";
			sourceTree = "<group>";
		};
		4F9502631AC1ABF700FC894A /* Rain SocietyTests */ = {
			isa = PBXGroup;
			children = (
				4F9502661AC1ABF700FC894A /* Rain_SocietyTests.m */,
				4F9502641AC1ABF700FC894A /* Supporting Files */,
			);
			path = "Rain SocietyTests";
			sourceTree = "<group>";
		};
		4F9502641AC1ABF700FC894A /* Supporting Files */ = {
			isa = PBXGroup;
			children = (
				4F9502651AC1ABF700FC894A /* Info.plist */,
			);
			name = "Supporting Files";
			sourceTree = "<group>";
		};
		6F28C5361AC9C639002BECEE /* Controle */ = {
			isa = PBXGroup;
			children = (
				6F6270BE1AC43D3E0069698E /* RSField.h */,
				6F6270BF1AC43D3E0069698E /* RSField.m */,
				6F28C5371AC9C672002BECEE /* RSMap.h */,
				6F28C5381AC9C672002BECEE /* RSMap.m */,
			);
			name = Controle;
			sourceTree = "<group>";
		};
/* End PBXGroup section */

/* Begin PBXNativeTarget section */
		4F9502411AC1ABF700FC894A /* Rain Society */ = {
			isa = PBXNativeTarget;
			buildConfigurationList = 4F95026A1AC1ABF700FC894A /* Build configuration list for PBXNativeTarget "Rain Society" */;
			buildPhases = (
				4F95023E1AC1ABF700FC894A /* Sources */,
				4F95023F1AC1ABF700FC894A /* Frameworks */,
				4F9502401AC1ABF700FC894A /* Resources */,
			);
			buildRules = (
			);
			dependencies = (
			);
			name = "Rain Society";
			productName = "Rain Society";
			productReference = 4F9502421AC1ABF700FC894A /* Rain Society.app */;
			productType = "com.apple.product-type.application";
		};
		4F95025F1AC1ABF700FC894A /* Rain SocietyTests */ = {
			isa = PBXNativeTarget;
			buildConfigurationList = 4F95026D1AC1ABF700FC894A /* Build configuration list for PBXNativeTarget "Rain SocietyTests" */;
			buildPhases = (
				4F95025C1AC1ABF700FC894A /* Sources */,
				4F95025D1AC1ABF700FC894A /* Frameworks */,
				4F95025E1AC1ABF700FC894A /* Resources */,
			);
			buildRules = (
			);
			dependencies = (
				4F9502621AC1ABF700FC894A /* PBXTargetDependency */,
			);
			name = "Rain SocietyTests";
			productName = "Rain SocietyTests";
			productReference = 4F9502601AC1ABF700FC894A /* Rain SocietyTests.xctest */;
			productType = "com.apple.product-type.bundle.unit-test";
		};
/* End PBXNativeTarget section */

/* Begin PBXProject section */
		4F95023A1AC1ABF700FC894A /* Project object */ = {
			isa = PBXProject;
			attributes = {
				LastUpgradeCheck = 0620;
				ORGANIZATIONNAME = "Jucelio Fonseca";
				TargetAttributes = {
					4F9502411AC1ABF700FC894A = {
						CreatedOnToolsVersion = 6.2;
					};
					4F95025F1AC1ABF700FC894A = {
						CreatedOnToolsVersion = 6.2;
						TestTargetID = 4F9502411AC1ABF700FC894A;
					};
				};
			};
			buildConfigurationList = 4F95023D1AC1ABF700FC894A /* Build configuration list for PBXProject "Rain Society" */;
			compatibilityVersion = "Xcode 3.2";
			developmentRegion = English;
			hasScannedForEncodings = 0;
			knownRegions = (
				en,
				Base,
			);
			mainGroup = 4F9502391AC1ABF700FC894A;
			productRefGroup = 4F9502431AC1ABF700FC894A /* Products */;
			projectDirPath = "";
			projectRoot = "";
			targets = (
				4F9502411AC1ABF700FC894A /* Rain Society */,
				4F95025F1AC1ABF700FC894A /* Rain SocietyTests */,
			);
		};
/* End PBXProject section */

/* Begin PBXResourcesBuildPhase section */
		4F9502401AC1ABF700FC894A /* Resources */ = {
			isa = PBXResourcesBuildPhase;
			buildActionMask = 2147483647;
			files = (
				18D832461ACAE83C00FE0B67 /* RainParticle.sks in Resources */,
				18DCAF2D1ACAEAFC0080EA92 /* background.png in Resources */,
				4F95025B1AC1ABF700FC894A /* LaunchScreen.xib in Resources */,
				4F9502581AC1ABF700FC894A /* Images.xcassets in Resources */,
				4F9502501AC1ABF700FC894A /* GameScene.sks in Resources */,
				4F9502561AC1ABF700FC894A /* Main.storyboard in Resources */,
			);
			runOnlyForDeploymentPostprocessing = 0;
		};
		4F95025E1AC1ABF700FC894A /* Resources */ = {
			isa = PBXResourcesBuildPhase;
			buildActionMask = 2147483647;
			files = (
			);
			runOnlyForDeploymentPostprocessing = 0;
		};
/* End PBXResourcesBuildPhase section */

/* Begin PBXSourcesBuildPhase section */
		4F95023E1AC1ABF700FC894A /* Sources */ = {
			isa = PBXSourcesBuildPhase;
			buildActionMask = 2147483647;
			files = (
				4F9502531AC1ABF700FC894A /* GameViewController.m in Sources */,
				4F95024B1AC1ABF700FC894A /* AppDelegate.m in Sources */,
				4F704C621AC49D5E00F2B40D /* RSContainer.m in Sources */,
				4F95024E1AC1ABF700FC894A /* GameScene.m in Sources */,
				6F6270C01AC43D3E0069698E /* RSField.m in Sources */,
				4F9502481AC1ABF700FC894A /* main.m in Sources */,
				4F704C5D1AC49CF300F2B40D /* RSButton.m in Sources */,
				4F704C5F1AC49CF300F2B40D /* RSStepper.m in Sources */,
				18DCAF2B1ACAE9C10080EA92 /* RSSprite.m in Sources */,
				184093511AC4346500C5AEB1 /* RSAudioPlayer.m in Sources */,
				6F28C5391AC9C672002BECEE /* RSMap.m in Sources */,
			);
			runOnlyForDeploymentPostprocessing = 0;
		};
		4F95025C1AC1ABF700FC894A /* Sources */ = {
			isa = PBXSourcesBuildPhase;
			buildActionMask = 2147483647;
			files = (
				4F9502671AC1ABF700FC894A /* Rain_SocietyTests.m in Sources */,
			);
			runOnlyForDeploymentPostprocessing = 0;
		};
/* End PBXSourcesBuildPhase section */

/* Begin PBXTargetDependency section */
		4F9502621AC1ABF700FC894A /* PBXTargetDependency */ = {
			isa = PBXTargetDependency;
			target = 4F9502411AC1ABF700FC894A /* Rain Society */;
			targetProxy = 4F9502611AC1ABF700FC894A /* PBXContainerItemProxy */;
		};
/* End PBXTargetDependency section */

/* Begin PBXVariantGroup section */
		4F9502541AC1ABF700FC894A /* Main.storyboard */ = {
			isa = PBXVariantGroup;
			children = (
				4F9502551AC1ABF700FC894A /* Base */,
			);
			name = Main.storyboard;
			sourceTree = "<group>";
		};
		4F9502591AC1ABF700FC894A /* LaunchScreen.xib */ = {
			isa = PBXVariantGroup;
			children = (
				4F95025A1AC1ABF700FC894A /* Base */,
			);
			name = LaunchScreen.xib;
			sourceTree = "<group>";
		};
/* End PBXVariantGroup section */

/* Begin XCBuildConfiguration section */
		4F9502681AC1ABF700FC894A /* Debug */ = {
			isa = XCBuildConfiguration;
			buildSettings = {
				ALWAYS_SEARCH_USER_PATHS = NO;
				CLANG_CXX_LANGUAGE_STANDARD = "gnu++0x";
				CLANG_CXX_LIBRARY = "libc++";
				CLANG_ENABLE_MODULES = YES;
				CLANG_ENABLE_OBJC_ARC = YES;
				CLANG_WARN_BOOL_CONVERSION = YES;
				CLANG_WARN_CONSTANT_CONVERSION = YES;
				CLANG_WARN_DIRECT_OBJC_ISA_USAGE = YES_ERROR;
				CLANG_WARN_EMPTY_BODY = YES;
				CLANG_WARN_ENUM_CONVERSION = YES;
				CLANG_WARN_INT_CONVERSION = YES;
				CLANG_WARN_OBJC_ROOT_CLASS = YES_ERROR;
				CLANG_WARN_UNREACHABLE_CODE = YES;
				CLANG_WARN__DUPLICATE_METHOD_MATCH = YES;
				"CODE_SIGN_IDENTITY[sdk=iphoneos*]" = "iPhone Developer";
				COPY_PHASE_STRIP = NO;
				ENABLE_STRICT_OBJC_MSGSEND = YES;
				GCC_C_LANGUAGE_STANDARD = gnu99;
				GCC_DYNAMIC_NO_PIC = NO;
				GCC_OPTIMIZATION_LEVEL = 0;
				GCC_PREPROCESSOR_DEFINITIONS = (
					"DEBUG=1",
					"$(inherited)",
				);
				GCC_SYMBOLS_PRIVATE_EXTERN = NO;
				GCC_WARN_64_TO_32_BIT_CONVERSION = YES;
				GCC_WARN_ABOUT_RETURN_TYPE = YES_ERROR;
				GCC_WARN_UNDECLARED_SELECTOR = YES;
				GCC_WARN_UNINITIALIZED_AUTOS = YES_AGGRESSIVE;
				GCC_WARN_UNUSED_FUNCTION = YES;
				GCC_WARN_UNUSED_VARIABLE = YES;
				IPHONEOS_DEPLOYMENT_TARGET = 8.2;
				MTL_ENABLE_DEBUG_INFO = YES;
				ONLY_ACTIVE_ARCH = YES;
				SDKROOT = iphoneos;
			};
			name = Debug;
		};
		4F9502691AC1ABF700FC894A /* Release */ = {
			isa = XCBuildConfiguration;
			buildSettings = {
				ALWAYS_SEARCH_USER_PATHS = NO;
				CLANG_CXX_LANGUAGE_STANDARD = "gnu++0x";
				CLANG_CXX_LIBRARY = "libc++";
				CLANG_ENABLE_MODULES = YES;
				CLANG_ENABLE_OBJC_ARC = YES;
				CLANG_WARN_BOOL_CONVERSION = YES;
				CLANG_WARN_CONSTANT_CONVERSION = YES;
				CLANG_WARN_DIRECT_OBJC_ISA_USAGE = YES_ERROR;
				CLANG_WARN_EMPTY_BODY = YES;
				CLANG_WARN_ENUM_CONVERSION = YES;
				CLANG_WARN_INT_CONVERSION = YES;
				CLANG_WARN_OBJC_ROOT_CLASS = YES_ERROR;
				CLANG_WARN_UNREACHABLE_CODE = YES;
				CLANG_WARN__DUPLICATE_METHOD_MATCH = YES;
				"CODE_SIGN_IDENTITY[sdk=iphoneos*]" = "iPhone Developer";
				COPY_PHASE_STRIP = NO;
				ENABLE_NS_ASSERTIONS = NO;
				ENABLE_STRICT_OBJC_MSGSEND = YES;
				GCC_C_LANGUAGE_STANDARD = gnu99;
				GCC_WARN_64_TO_32_BIT_CONVERSION = YES;
				GCC_WARN_ABOUT_RETURN_TYPE = YES_ERROR;
				GCC_WARN_UNDECLARED_SELECTOR = YES;
				GCC_WARN_UNINITIALIZED_AUTOS = YES_AGGRESSIVE;
				GCC_WARN_UNUSED_FUNCTION = YES;
				GCC_WARN_UNUSED_VARIABLE = YES;
				IPHONEOS_DEPLOYMENT_TARGET = 8.2;
				MTL_ENABLE_DEBUG_INFO = NO;
				SDKROOT = iphoneos;
				VALIDATE_PRODUCT = YES;
			};
			name = Release;
		};
		4F95026B1AC1ABF700FC894A /* Debug */ = {
			isa = XCBuildConfiguration;
			buildSettings = {
				ASSETCATALOG_COMPILER_APPICON_NAME = AppIcon;
				INFOPLIST_FILE = "Rain Society/Info.plist";
				LD_RUNPATH_SEARCH_PATHS = "$(inherited) @executable_path/Frameworks";
				PRODUCT_NAME = "$(TARGET_NAME)";
			};
			name = Debug;
		};
		4F95026C1AC1ABF700FC894A /* Release */ = {
			isa = XCBuildConfiguration;
			buildSettings = {
				ASSETCATALOG_COMPILER_APPICON_NAME = AppIcon;
				INFOPLIST_FILE = "Rain Society/Info.plist";
				LD_RUNPATH_SEARCH_PATHS = "$(inherited) @executable_path/Frameworks";
				PRODUCT_NAME = "$(TARGET_NAME)";
			};
			name = Release;
		};
		4F95026E1AC1ABF700FC894A /* Debug */ = {
			isa = XCBuildConfiguration;
			buildSettings = {
				BUNDLE_LOADER = "$(TEST_HOST)";
				FRAMEWORK_SEARCH_PATHS = (
					"$(SDKROOT)/Developer/Library/Frameworks",
					"$(inherited)",
				);
				GCC_PREPROCESSOR_DEFINITIONS = (
					"DEBUG=1",
					"$(inherited)",
				);
				INFOPLIST_FILE = "Rain SocietyTests/Info.plist";
				LD_RUNPATH_SEARCH_PATHS = "$(inherited) @executable_path/Frameworks @loader_path/Frameworks";
				PRODUCT_NAME = "$(TARGET_NAME)";
				TEST_HOST = "$(BUILT_PRODUCTS_DIR)/Rain Society.app/Rain Society";
			};
			name = Debug;
		};
		4F95026F1AC1ABF700FC894A /* Release */ = {
			isa = XCBuildConfiguration;
			buildSettings = {
				BUNDLE_LOADER = "$(TEST_HOST)";
				FRAMEWORK_SEARCH_PATHS = (
					"$(SDKROOT)/Developer/Library/Frameworks",
					"$(inherited)",
				);
				INFOPLIST_FILE = "Rain SocietyTests/Info.plist";
				LD_RUNPATH_SEARCH_PATHS = "$(inherited) @executable_path/Frameworks @loader_path/Frameworks";
				PRODUCT_NAME = "$(TARGET_NAME)";
				TEST_HOST = "$(BUILT_PRODUCTS_DIR)/Rain Society.app/Rain Society";
			};
			name = Release;
		};
/* End XCBuildConfiguration section */

/* Begin XCConfigurationList section */
		4F95023D1AC1ABF700FC894A /* Build configuration list for PBXProject "Rain Society" */ = {
			isa = XCConfigurationList;
			buildConfigurations = (
				4F9502681AC1ABF700FC894A /* Debug */,
				4F9502691AC1ABF700FC894A /* Release */,
			);
			defaultConfigurationIsVisible = 0;
			defaultConfigurationName = Release;
		};
		4F95026A1AC1ABF700FC894A /* Build configuration list for PBXNativeTarget "Rain Society" */ = {
			isa = XCConfigurationList;
			buildConfigurations = (
				4F95026B1AC1ABF700FC894A /* Debug */,
				4F95026C1AC1ABF700FC894A /* Release */,
			);
			defaultConfigurationIsVisible = 0;
			defaultConfigurationName = Release;
		};
		4F95026D1AC1ABF700FC894A /* Build configuration list for PBXNativeTarget "Rain SocietyTests" */ = {
			isa = XCConfigurationList;
			buildConfigurations = (
				4F95026E1AC1ABF700FC894A /* Debug */,
				4F95026F1AC1ABF700FC894A /* Release */,
			);
			defaultConfigurationIsVisible = 0;
			defaultConfigurationName = Release;
		};
/* End XCConfigurationList section */
	};
	rootObject = 4F95023A1AC1ABF700FC894A /* Project object */;
}
